
Microsoft Visual Studio Solution File, Format Version 12.00
# Visual Studio Version 16
VisualStudioVersion = 16.0.28803.202
MinimumVisualStudioVersion = 10.0.40219.1
Project("{FAE04EC0-301F-11D3-BF4B-00C04F79EFBC}") = "Lab5 - Interfaces and Patterns", "Lab5 - Interfaces and Patterns\Lab5 - Interfaces and Patterns.csproj", "{1BBA236C-06FD-4611-A62D-75F96CA8C5D9}"
EndProject
Global
	GlobalSection(SolutionConfigurationPlatforms) = preSolution
		Debug|Any CPU = Debug|Any CPU
		Release|Any CPU = Release|Any CPU
	EndGlobalSection
	GlobalSection(ProjectConfigurationPlatforms) = postSolution
		{1BBA236C-06FD-4611-A62D-75F96CA8C5D9}.Debug|Any CPU.ActiveCfg = Debug|Any CPU
		{1BBA236C-06FD-4611-A62D-75F96CA8C5D9}.Debug|Any CPU.Build.0 = Debug|Any CPU
		{1BBA236C-06FD-4611-A62D-75F96CA8C5D9}.Release|Any CPU.ActiveCfg = Release|Any CPU
		{1BBA236C-06FD-4611-A62D-75F96CA8C5D9}.Release|Any CPU.Build.0 = Release|Any CPU
	EndGlobalSection
	GlobalSection(SolutionProperties) = preSolution
		HideSolutionNode = FALSE
	EndGlobalSection
	GlobalSection(ExtensibilityGlobals) = postSolution
		SolutionGuid = {1DD9ADA2-BA83-4463-AD2C-684B29B37720}
	EndGlobalSection
EndGlobal
