
Microsoft Visual Studio Solution File, Format Version 12.00
# Visual Studio Version 16
VisualStudioVersion = 16.0.28803.202
MinimumVisualStudioVersion = 10.0.40219.1
Project("{FAE04EC0-301F-11D3-BF4B-00C04F79EFBC}") = "Lab6.4 - File Input and Output 2", "Lab6.4 - File Input and Output 2\Lab6.4 - File Input and Output 2.csproj", "{C6C773F3-83A2-4D66-BBEA-6966EDFDE29B}"
EndProject
Global
	GlobalSection(SolutionConfigurationPlatforms) = preSolution
		Debug|Any CPU = Debug|Any CPU
		Release|Any CPU = Release|Any CPU
	EndGlobalSection
	GlobalSection(ProjectConfigurationPlatforms) = postSolution
		{C6C773F3-83A2-4D66-BBEA-6966EDFDE29B}.Debug|Any CPU.ActiveCfg = Debug|Any CPU
		{C6C773F3-83A2-4D66-BBEA-6966EDFDE29B}.Debug|Any CPU.Build.0 = Debug|Any CPU
		{C6C773F3-83A2-4D66-BBEA-6966EDFDE29B}.Release|Any CPU.ActiveCfg = Release|Any CPU
		{C6C773F3-83A2-4D66-BBEA-6966EDFDE29B}.Release|Any CPU.Build.0 = Release|Any CPU
	EndGlobalSection
	GlobalSection(SolutionProperties) = preSolution
		HideSolutionNode = FALSE
	EndGlobalSection
	GlobalSection(ExtensibilityGlobals) = postSolution
		SolutionGuid = {05B4AE07-7732-4FBB-95E2-AF73A8D85E25}
	EndGlobalSection
EndGlobal
