
Microsoft Visual Studio Solution File, Format Version 12.00
# Visual Studio Version 16
VisualStudioVersion = 16.0.28803.202
MinimumVisualStudioVersion = 10.0.40219.1
Project("{FAE04EC0-301F-11D3-BF4B-00C04F79EFBC}") = "Lab2 - Classes", "Lab2 - Classes\Lab2 - Classes.csproj", "{12F3AF7C-8A1E-4EB4-8722-0A643115E3C5}"
EndProject
Global
	GlobalSection(SolutionConfigurationPlatforms) = preSolution
		Debug|Any CPU = Debug|Any CPU
		Release|Any CPU = Release|Any CPU
	EndGlobalSection
	GlobalSection(ProjectConfigurationPlatforms) = postSolution
		{12F3AF7C-8A1E-4EB4-8722-0A643115E3C5}.Debug|Any CPU.ActiveCfg = Debug|Any CPU
		{12F3AF7C-8A1E-4EB4-8722-0A643115E3C5}.Debug|Any CPU.Build.0 = Debug|Any CPU
		{12F3AF7C-8A1E-4EB4-8722-0A643115E3C5}.Release|Any CPU.ActiveCfg = Release|Any CPU
		{12F3AF7C-8A1E-4EB4-8722-0A643115E3C5}.Release|Any CPU.Build.0 = Release|Any CPU
	EndGlobalSection
	GlobalSection(SolutionProperties) = preSolution
		HideSolutionNode = FALSE
	EndGlobalSection
	GlobalSection(ExtensibilityGlobals) = postSolution
		SolutionGuid = {C3F723FB-BA30-4FA4-9278-EC4C47E63751}
	EndGlobalSection
EndGlobal
