
Microsoft Visual Studio Solution File, Format Version 12.00
# Visual Studio Version 16
VisualStudioVersion = 16.0.28803.202
MinimumVisualStudioVersion = 10.0.40219.1
Project("{FAE04EC0-301F-11D3-BF4B-00C04F79EFBC}") = "Lab6.2 - Student Record Program 1", "Lab6.2 - Student Record Program 1\Lab6.2 - Student Record Program 1.csproj", "{13B4FD0B-D5E8-45CF-972D-2D7691630EE7}"
EndProject
Global
	GlobalSection(SolutionConfigurationPlatforms) = preSolution
		Debug|Any CPU = Debug|Any CPU
		Release|Any CPU = Release|Any CPU
	EndGlobalSection
	GlobalSection(ProjectConfigurationPlatforms) = postSolution
		{13B4FD0B-D5E8-45CF-972D-2D7691630EE7}.Debug|Any CPU.ActiveCfg = Debug|Any CPU
		{13B4FD0B-D5E8-45CF-972D-2D7691630EE7}.Debug|Any CPU.Build.0 = Debug|Any CPU
		{13B4FD0B-D5E8-45CF-972D-2D7691630EE7}.Release|Any CPU.ActiveCfg = Release|Any CPU
		{13B4FD0B-D5E8-45CF-972D-2D7691630EE7}.Release|Any CPU.Build.0 = Release|Any CPU
	EndGlobalSection
	GlobalSection(SolutionProperties) = preSolution
		HideSolutionNode = FALSE
	EndGlobalSection
	GlobalSection(ExtensibilityGlobals) = postSolution
		SolutionGuid = {EF8DFCDF-2E50-40CA-817D-94A575E2E08F}
	EndGlobalSection
EndGlobal
