
Microsoft Visual Studio Solution File, Format Version 12.00
# Visual Studio Version 16
VisualStudioVersion = 16.0.28803.202
MinimumVisualStudioVersion = 10.0.40219.1
Project("{FAE04EC0-301F-11D3-BF4B-00C04F79EFBC}") = "Revision Exercise 3", "Revision Exercise 3\Revision Exercise 3.csproj", "{B69254FB-E24D-400E-AFDF-719F3EBA87DE}"
EndProject
Global
	GlobalSection(SolutionConfigurationPlatforms) = preSolution
		Debug|Any CPU = Debug|Any CPU
		Release|Any CPU = Release|Any CPU
	EndGlobalSection
	GlobalSection(ProjectConfigurationPlatforms) = postSolution
		{B69254FB-E24D-400E-AFDF-719F3EBA87DE}.Debug|Any CPU.ActiveCfg = Debug|Any CPU
		{B69254FB-E24D-400E-AFDF-719F3EBA87DE}.Debug|Any CPU.Build.0 = Debug|Any CPU
		{B69254FB-E24D-400E-AFDF-719F3EBA87DE}.Release|Any CPU.ActiveCfg = Release|Any CPU
		{B69254FB-E24D-400E-AFDF-719F3EBA87DE}.Release|Any CPU.Build.0 = Release|Any CPU
	EndGlobalSection
	GlobalSection(SolutionProperties) = preSolution
		HideSolutionNode = FALSE
	EndGlobalSection
	GlobalSection(ExtensibilityGlobals) = postSolution
		SolutionGuid = {7D8651A2-EB6C-4629-8957-7A4BA5641EC0}
	EndGlobalSection
EndGlobal
